dependencies:
  bblanchon/arduinojson:
    component_hash: b1c2f0b0bc26969af19809cee80b220fb882481d59cc75f8e79ebceecdc69f06
    dependencies: []
    source:
      registry_url: https://components.espressif.com/
      type: service
    version: 7.4.2
  esp32async/asynctcp:
    component_hash: 8144c96a27b593d1781e6e060f5e2e509989c28c013ad75d9c3087f6462ecaac
    dependencies: []
    source:
      registry_url: https://components.espressif.com/
      type: service
    version: 3.4.91
  esphome/esp-audio-libs:
    component_hash: 2823b6dc53ad5f075c1fe89e7d26df080ddd4ed51249dee5c92ad24b077a5235
    dependencies: []
    source:
      registry_url: https://components.espressif.com/
      type: service
    version: 2.0.4
  esphome/esp-hub75:
    component_hash: 7068e36d8d92b8e46b532f963518bf01af919fa631811fb91563f32fae2eb839
    dependencies:
    - name: idf
      require: private
      version: '>=4.4.0'
    source:
      registry_url: https://components.espressif.com/
      type: service
    targets:
    - esp32
    - esp32s2
    - esp32s3
    - esp32c6
    - esp32p4
    version: 0.3.5
  esphome/esp-micro-speech-features:
    component_hash: 2b720b4ed49fa9df14b24f35fd3ec8a012eddde1c8dd4709448e36a581eebd3e
    dependencies:
    - name: idf
      require: private
      version: '>=4.4'
    source:
      registry_url: https://components.espressif.com/
      type: service
    version: 1.2.3
  esphome/micro-decoder:
    component_hash: 5ec2229f765915b335f76e45a7581c682be3b31c0d917f4625dc721edcf169aa
    dependencies:
    - name: esphome/micro-flac
      registry_url: https://components.espressif.com
      require: private
      rules:
      - if: $CONFIG{MICRO_DECODER_CODEC_FLAC} == True
      version: '>=0.1.1,<1.0.0'
    - name: esphome/micro-mp3
      registry_url: https://components.espressif.com
      require: private
      rules:
      - if: $CONFIG{MICRO_DECODER_CODEC_MP3} == True
      version: '>=0.1.0,<1.0.0'
    - name: esphome/micro-opus
      registry_url: https://components.espressif.com
      require: private
      rules:
      - if: $CONFIG{MICRO_DECODER_CODEC_OPUS} == True
      version: '>=0.3.5,<1.0.0'
    - name: esphome/micro-wav
      registry_url: https://components.espressif.com
      require: private
      rules:
      - if: $CONFIG{MICRO_DECODER_CODEC_WAV} == True
      version: '>=0.1.0,<1.0.0'
    - name: idf
      require: private
      version: '>=5.5'
    source:
      registry_url: https://components.espressif.com/
      type: service
    version: 0.1.1
  esphome/micro-flac:
    component_hash: ffa15f8aaee4709aa2044e7996d44aad44a7c0082f2bc639accecf102802f8bc
    dependencies:
    - name: idf
      require: private
      version: '>=4.4'
    source:
      registry_url: https://components.espressif.com/
      type: service
    version: 0.1.1
  esphome/micro-opus:
    component_hash: fa192a7bc21d7f3d2106c32a4273a2ccbee2840524eb5f98a79f984c7b7cbcab
    dependencies:
    - name: idf
      require: private
      version: '>=4.4'
    source:
      registry_url: https://components.espressif.com/
      type: service
    version: 0.3.6
  espressif/esp-dsp:
    component_hash: 939e9c053487d6e7b7320a5cb761b2200e4b331730d6721668755ef76ab9f067
    dependencies:
    - name: idf
      require: private
      version: '>=4.2'
    source:
      registry_url: https://components.espressif.com/
      type: service
    version: 1.7.1
  espressif/esp-nn:
    component_hash: 41b0ab49a5a5c88fc7331d76fc5cc58d1ec3e356ff42ea9cb88270daf415ffef
    dependencies:
    - name: idf
      require: private
      version: '>=5.1'
    source:
      registry_url: https://components.espressif.com
      type: service
    version: 1.3.2
  espressif/esp-tflite-micro:
    component_hash: 78502e833b227ec15b917222ed046df1a46f2e5d3593d2a77a162012fa9a1aa0
    dependencies:
    - name: espressif/esp-nn
      registry_url: https://components.espressif.com
      require: private
      version: ^1.1.0
    - name: idf
      require: private
      version: '>=4.4'
    source:
      registry_url: https://components.espressif.com/
      type: service
    version: 1.3.3~1
  espressif/esp32-camera:
    component_hash: 2b75f6f0c987fb0e3687ccbd464cd00c163ea8cb05d2470cfb05adf6535bc488
    dependencies:
    - name: espressif/esp_jpeg
      registry_url: https://components.espressif.com
      require: public
      version: ^1.3.1
    - name: idf
      require: private
      version: '>=5.1'
    source:
      registry_url: https://components.espressif.com/
      type: service
    version: 2.1.6
  espressif/esp_jpeg:
    component_hash: defb83669293cbf86d0fa86b475ba5517aceed04ed70db435388c151ab37b5d7
    dependencies:
    - name: idf
      require: private
      version: '>=5.0'
    source:
      registry_url: https://components.espressif.com
      type: service
    version: 1.3.1
  espressif/esp_tinyusb:
    component_hash: fa0c96d7bdc3fe37383d735e2839a9007200a0b6bc039458d45d004b50146e81
    dependencies:
    - name: idf
      require: private
      version: '>=5.0'
    - name: espressif/tinyusb
      registry_url: https://components.espressif.com
      require: public
      version: '>=0.17.0~2'
    source:
      registry_url: https://components.espressif.com/
      type: service
    targets:
    - esp32s2
    - esp32s3
    - esp32p4
    - esp32h4
    version: 2.1.1
  espressif/esp_websocket_client:
    component_hash: dc00233af846f3a744ada283a300e0d586040aadc3ee67361645ecdce4523672
    dependencies:
    - name: idf
      require: private
      version: '>=5.0'
    source:
      registry_url: https://components.espressif.com
      type: service
    version: 1.8.0
  espressif/mdns:
    component_hash: 1ebe3bd675bb9d1c58f52bc0b609b32f74e572b01c328f9e61282040c775495c
    dependencies:
    - name: idf
      require: private
      version: '>=5.0'
    source:
      registry_url: https://components.espressif.com/
      type: service
    version: 1.11.0
  espressif/tinyusb:
    component_hash: a72b7d67472914ab76309340fd50d578b31e310963d45ad0f81144bde3314752
    dependencies:
    - name: idf
      require: private
      version: '>=5.0'
    source:
      registry_url: https://components.espressif.com
      type: service
    targets:
    - esp32s2
    - esp32s3
    - esp32p4
    - esp32h4
    - esp32s31
    version: 0.21.0~1
  idf:
    source:
      type: idf
    version: 5.5.4
  lvgl/lvgl:
    component_hash: 184e532558c1c45fefed631f3e235423d22582aafb4630f3e8885c35281a49ae
    dependencies: []
    source:
      registry_url: https://components.espressif.com/
      type: service
    version: 9.5.0
  sendspin/sendspin-cpp:
    component_hash: 6a3997cd0bc9741fa23dfb609da0f76fa1f0dc76f62bbc9d7cca12703374d9f6
    dependencies:
    - name: bblanchon/arduinojson
      registry_url: https://components.espressif.com
      require: private
      version: '>=7.4.2'
    - name: esphome/micro-flac
      registry_url: https://components.espressif.com
      require: private
      rules:
      - if: $CONFIG{SENDSPIN_ENABLE_PLAYER} == True
      version: '>=0.1.1'
    - name: esphome/micro-opus
      registry_url: https://components.espressif.com
      require: private
      rules:
      - if: $CONFIG{SENDSPIN_ENABLE_PLAYER} == True
      version: '>=0.3.5'
    - name: espressif/esp_websocket_client
      registry_url: https://components.espressif.com
      require: private
      version: '>=1.0.0'
    - name: idf
      require: private
      version: '>=5.5'
    source:
      registry_url: https://components.espressif.com/
      type: service
    version: 0.3.1
  zorxx/multipart-parser:
    component_hash: a80b98bbdd530829b5a4df54cd8332a265ef4d310392562cf37d4cac548c5fd2
    dependencies: []
    source:
      registry_url: https://components.espressif.com/
      type: service
    version: 1.0.1
direct_dependencies:
- bblanchon/arduinojson
- esp32async/asynctcp
- esphome/esp-audio-libs
- esphome/esp-hub75
- esphome/esp-micro-speech-features
- esphome/micro-decoder
- esphome/micro-flac
- esphome/micro-opus
- espressif/esp-dsp
- espressif/esp-tflite-micro
- espressif/esp32-camera
- espressif/esp_tinyusb
- espressif/mdns
- lvgl/lvgl
- sendspin/sendspin-cpp
- zorxx/multipart-parser
manifest_hash: 5e2f281d326220ef73c7dedefaf9859758916b3172391e0f7a68aa3923e53138
target: esp32s3
version: 2.0.0
